
Microsoft Visual Studio Solution File, Format Version 12.00
# Visual Studio 14
VisualStudioVersion = 14.0.23107.0
MinimumVisualStudioVersion = 10.0.40219.1
Project("{FAE04EC0-301F-11D3-BF4B-00C04F79EFBC}") = "WebApplication1", "WebApplication1\WebApplication1.csproj", "{EC960D3E-1F19-4388-9293-45C89F79C5DF}"
EndProject
Global
	GlobalSection(SolutionConfigurationPlatforms) = preSolution
		Debug|Any CPU = Debug|Any CPU
		Release|Any CPU = Release|Any CPU
	EndGlobalSection
	GlobalSection(ProjectConfigurationPlatforms) = postSolution
		{EC960D3E-1F19-4388-9293-45C89F79C5DF}.Debug|Any CPU.ActiveCfg = Debug|Any CPU
		{EC960D3E-1F19-4388-9293-45C89F79C5DF}.Debug|Any CPU.Build.0 = Debug|Any CPU
		{EC960D3E-1F19-4388-9293-45C89F79C5DF}.Release|Any CPU.ActiveCfg = Release|Any CPU
		{EC960D3E-1F19-4388-9293-45C89F79C5DF}.Release|Any CPU.Build.0 = Release|Any CPU
	EndGlobalSection
	GlobalSection(SolutionProperties) = preSolution
		HideSolutionNode = FALSE
	EndGlobalSection
EndGlobal
